
Microsoft Visual Studio Solution File, Format Version 12.00
# Visual Studio Version 16
VisualStudioVersion = 16.0.31112.23
MinimumVisualStudioVersion = 10.0.40219.1
Project("{9A19103F-16F7-4668-BE54-9A1E7A4F7556}") = "WallPoster", "WallPoster.csproj", "{FBB36B66-7DC1-42CD-82EB-4AB89C40E493}"
EndProject
Global
	GlobalSection(SolutionConfigurationPlatforms) = preSolution
		Debug|Any CPU = Debug|Any CPU
		Release|Any CPU = Release|Any CPU
	EndGlobalSection
	GlobalSection(ProjectConfigurationPlatforms) = postSolution
		{FBB36B66-7DC1-42CD-82EB-4AB89C40E493}.Debug|Any CPU.ActiveCfg = Debug|Any CPU
		{FBB36B66-7DC1-42CD-82EB-4AB89C40E493}.Debug|Any CPU.Build.0 = Debug|Any CPU
		{FBB36B66-7DC1-42CD-82EB-4AB89C40E493}.Release|Any CPU.ActiveCfg = Release|Any CPU
		{FBB36B66-7DC1-42CD-82EB-4AB89C40E493}.Release|Any CPU.Build.0 = Release|Any CPU
	EndGlobalSection
	GlobalSection(SolutionProperties) = preSolution
		HideSolutionNode = FALSE
	EndGlobalSection
	GlobalSection(ExtensibilityGlobals) = postSolution
		RESX_NeutralResourcesLanguage = zh-Hans
		SolutionGuid = {5B9A4FD9-3800-4C90-AD4C-D66139832494}
	EndGlobalSection
EndGlobal
